
Microsoft Visual Studio Solution File, Format Version 12.00
# Visual Studio Version 16
VisualStudioVersion = 25.0.1700.7
MinimumVisualStudioVersion = 10.0.40219.1
Project("{FAE04EC0-301F-11D3-BF4B-00C04F79EFBC}") = "Isu.Tests", "Isu.Tests.csproj", "{322CF0F6-C389-40EF-8983-B166B3B3E169}"
EndProject
Global
	GlobalSection(SolutionConfigurationPlatforms) = preSolution
		Debug|Any CPU = Debug|Any CPU
		Release|Any CPU = Release|Any CPU
	EndGlobalSection
	GlobalSection(ProjectConfigurationPlatforms) = postSolution
		{322CF0F6-C389-40EF-8983-B166B3B3E169}.Debug|Any CPU.ActiveCfg = Debug|Any CPU
		{322CF0F6-C389-40EF-8983-B166B3B3E169}.Debug|Any CPU.Build.0 = Debug|Any CPU
		{322CF0F6-C389-40EF-8983-B166B3B3E169}.Release|Any CPU.ActiveCfg = Release|Any CPU
		{322CF0F6-C389-40EF-8983-B166B3B3E169}.Release|Any CPU.Build.0 = Release|Any CPU
	EndGlobalSection
	GlobalSection(SolutionProperties) = preSolution
		HideSolutionNode = FALSE
	EndGlobalSection
	GlobalSection(ExtensibilityGlobals) = postSolution
		SolutionGuid = {D260D533-6483-4796-B5CF-65F3641035D0}
	EndGlobalSection
EndGlobal
